// !$*UTF8*$!
{
	archiveVersion = 1;
	classes = {
	};
	objectVersion = 55;
	objects = {

/* Begin PBXBuildFile section */
		AA4B170628DF162300E948E2 /* CollectionViewTableViewCell.swift in Sources */ = {isa = PBXBuildFile; fileRef = AA4B170528DF162300E948E2 /* CollectionViewTableViewCell.swift */; };
		AA4B170828DF540B00E948E2 /* HeroHeaderUIView.swift in Sources */ = {isa = PBXBuildFile; fileRef = AA4B170728DF540B00E948E2 /* HeroHeaderUIView.swift */; };
		AA4B170A28E0956400E948E2 /* APICaller.swift in Sources */ = {isa = PBXBuildFile; fileRef = AA4B170928E0956400E948E2 /* APICaller.swift */; };
		AA4B170C28E199D400E948E2 /* Title.swift in Sources */ = {isa = PBXBuildFile; fileRef = AA4B170B28E199D400E948E2 /* Title.swift */; };
		AA4B170E28E19CB600E948E2 /* Extensions.swift in Sources */ = {isa = PBXBuildFile; fileRef = AA4B170D28E19CB600E948E2 /* Extensions.swift */; };
		AA53DAE428E86B2D003F716E /* TitleCollectionViewCell.swift in Sources */ = {isa = PBXBuildFile; fileRef = AA53DAE328E86B2D003F716E /* TitleCollectionViewCell.swift */; };
		AA53DAE728E9986A003F716E /* SDWebImage in Frameworks */ = {isa = PBXBuildFile; productRef = AA53DAE628E9986A003F716E /* SDWebImage */; };
		AA53DAE928E9986A003F716E /* SDWebImageMapKit in Frameworks */ = {isa = PBXBuildFile; productRef = AA53DAE828E9986A003F716E /* SDWebImageMapKit */; };
		AA6313D028E9E27E0078AB35 /* TitleTableViewCell.swift in Sources */ = {isa = PBXBuildFile; fileRef = AA6313CF28E9E27E0078AB35 /* TitleTableViewCell.swift */; };
		AA6313D228EAE2FB0078AB35 /* TitleViewModel.swift in Sources */ = {isa = PBXBuildFile; fileRef = AA6313D128EAE2FB0078AB35 /* TitleViewModel.swift */; };
		AA6313D428EB20030078AB35 /* SearchResultViewController.swift in Sources */ = {isa = PBXBuildFile; fileRef = AA6313D328EB20030078AB35 /* SearchResultViewController.swift */; };
		AA8A7C1E28DDBBF0002100E4 /* AppDelegate.swift in Sources */ = {isa = PBXBuildFile; fileRef = AA8A7C1D28DDBBF0002100E4 /* AppDelegate.swift */; };
		AA8A7C2028DDBBF1002100E4 /* SceneDelegate.swift in Sources */ = {isa = PBXBuildFile; fileRef = AA8A7C1F28DDBBF1002100E4 /* SceneDelegate.swift */; };
		AA8A7C2228DDBBF1002100E4 /* MainTabBarViewController.swift in Sources */ = {isa = PBXBuildFile; fileRef = AA8A7C2128DDBBF1002100E4 /* MainTabBarViewController.swift */; };
		AA8A7C2728DDBBF3002100E4 /* Assets.xcassets in Resources */ = {isa = PBXBuildFile; fileRef = AA8A7C2628DDBBF3002100E4 /* Assets.xcassets */; };
		AA8A7C2A28DDBBF3002100E4 /* LaunchScreen.storyboard in Resources */ = {isa = PBXBuildFile; fileRef = AA8A7C2828DDBBF3002100E4 /* LaunchScreen.storyboard */; };
		AA8A7C3328DDC051002100E4 /* HomeViewController.swift in Sources */ = {isa = PBXBuildFile; fileRef = AA8A7C3228DDC051002100E4 /* HomeViewController.swift */; };
		AA8A7C3528DDC076002100E4 /* UpcomingViewController.swift in Sources */ = {isa = PBXBuildFile; fileRef = AA8A7C3428DDC076002100E4 /* UpcomingViewController.swift */; };
		AA8A7C3728DDC08C002100E4 /* SearchViewController.swift in Sources */ = {isa = PBXBuildFile; fileRef = AA8A7C3628DDC08C002100E4 /* SearchViewController.swift */; };
		AA8A7C3928DDC0A8002100E4 /* DownloadsViewController.swift in Sources */ = {isa = PBXBuildFile; fileRef = AA8A7C3828DDC0A8002100E4 /* DownloadsViewController.swift */; };
/* End PBXBuildFile section */

/* Begin PBXFileReference section */
		AA4B170528DF162300E948E2 /* CollectionViewTableViewCell.swift */ = {isa = PBXFileReference; lastKnownFileType = sourcecode.swift; path = CollectionViewTableViewCell.swift; sourceTree = "<group>"; };
		AA4B170728DF540B00E948E2 /* HeroHeaderUIView.swift */ = {isa = PBXFileReference; lastKnownFileType = sourcecode.swift; path = HeroHeaderUIView.swift; sourceTree = "<group>"; };
		AA4B170928E0956400E948E2 /* APICaller.swift */ = {isa = PBXFileReference; lastKnownFileType = sourcecode.swift; path = APICaller.swift; sourceTree = "<group>"; };
		AA4B170B28E199D400E948E2 /* Title.swift */ = {isa = PBXFileReference; lastKnownFileType = sourcecode.swift; path = Title.swift; sourceTree = "<group>"; };
		AA4B170D28E19CB600E948E2 /* Extensions.swift */ = {isa = PBXFileReference; lastKnownFileType = sourcecode.swift; path = Extensions.swift; sourceTree = "<group>"; };
		AA53DAE328E86B2D003F716E /* TitleCollectionViewCell.swift */ = {isa = PBXFileReference; lastKnownFileType = sourcecode.swift; path = TitleCollectionViewCell.swift; sourceTree = "<group>"; };
		AA6313CF28E9E27E0078AB35 /* TitleTableViewCell.swift */ = {isa = PBXFileReference; lastKnownFileType = sourcecode.swift; path = TitleTableViewCell.swift; sourceTree = "<group>"; };
		AA6313D128EAE2FB0078AB35 /* TitleViewModel.swift */ = {isa = PBXFileReference; lastKnownFileType = sourcecode.swift; path = TitleViewModel.swift; sourceTree = "<group>"; };
		AA6313D328EB20030078AB35 /* SearchResultViewController.swift */ = {isa = PBXFileReference; lastKnownFileType = sourcecode.swift; path = SearchResultViewController.swift; sourceTree = "<group>"; };
		AA8A7C1A28DDBBF0002100E4 /* NetflixClone.app */ = {isa = PBXFileReference; explicitFileType = wrapper.application; includeInIndex = 0; path = NetflixClone.app; sourceTree = BUILT_PRODUCTS_DIR; };
		AA8A7C1D28DDBBF0002100E4 /* AppDelegate.swift */ = {isa = PBXFileReference; lastKnownFileType = sourcecode.swift; path = AppDelegate.swift; sourceTree = "<group>"; };
		AA8A7C1F28DDBBF1002100E4 /* SceneDelegate.swift */ = {isa = PBXFileReference; lastKnownFileType = sourcecode.swift; path = SceneDelegate.swift; sourceTree = "<group>"; };
		AA8A7C2128DDBBF1002100E4 /* MainTabBarViewController.swift */ = {isa = PBXFileReference; lastKnownFileType = sourcecode.swift; path = MainTabBarViewController.swift; sourceTree = "<group>"; };
		AA8A7C2628DDBBF3002100E4 /* Assets.xcassets */ = {isa = PBXFileReference; lastKnownFileType = folder.assetcatalog; path = Assets.xcassets; sourceTree = "<group>"; };
		AA8A7C2928DDBBF3002100E4 /* Base */ = {isa = PBXFileReference; lastKnownFileType = file.storyboard; name = Base; path = Base.lproj/LaunchScreen.storyboard; sourceTree = "<group>"; };
		AA8A7C2B28DDBBF3002100E4 /* Info.plist */ = {isa = PBXFileReference; lastKnownFileType = text.plist.xml; path = Info.plist; sourceTree = "<group>"; };
		AA8A7C3228DDC051002100E4 /* HomeViewController.swift */ = {isa = PBXFileReference; lastKnownFileType = sourcecode.swift; path = HomeViewController.swift; sourceTree = "<group>"; };
		AA8A7C3428DDC076002100E4 /* UpcomingViewController.swift */ = {isa = PBXFileReference; lastKnownFileType = sourcecode.swift; path = UpcomingViewController.swift; sourceTree = "<group>"; };
		AA8A7C3628DDC08C002100E4 /* SearchViewController.swift */ = {isa = PBXFileReference; lastKnownFileType = sourcecode.swift; path = SearchViewController.swift; sourceTree = "<group>"; };
		AA8A7C3828DDC0A8002100E4 /* DownloadsViewController.swift */ = {isa = PBXFileReference; lastKnownFileType = sourcecode.swift; path = DownloadsViewController.swift; sourceTree = "<group>"; };
/* End PBXFileReference section */

/* Begin PBXFrameworksBuildPhase section */
		AA8A7C1728DDBBF0002100E4 /* Frameworks */ = {
			isa = PBXFrameworksBuildPhase;
			buildActionMask = 2147483647;
			files = (
				AA53DAE928E9986A003F716E /* SDWebImageMapKit in Frameworks */,
				AA53DAE728E9986A003F716E /* SDWebImage in Frameworks */,
			);
			runOnlyForDeploymentPostprocessing = 0;
		};
/* End PBXFrameworksBuildPhase section */

/* Begin PBXGroup section */
		AA4B170028DF15B400E948E2 /* ViewModels */ = {
			isa = PBXGroup;
			children = (
				AA6313D128EAE2FB0078AB35 /* TitleViewModel.swift */,
			);
			path = ViewModels;
			sourceTree = "<group>";
		};
		AA4B170128DF15BE00E948E2 /* Views */ = {
			isa = PBXGroup;
			children = (
				AA4B170528DF162300E948E2 /* CollectionViewTableViewCell.swift */,
				AA4B170728DF540B00E948E2 /* HeroHeaderUIView.swift */,
				AA53DAE328E86B2D003F716E /* TitleCollectionViewCell.swift */,
				AA6313CF28E9E27E0078AB35 /* TitleTableViewCell.swift */,
			);
			path = Views;
			sourceTree = "<group>";
		};
		AA4B170228DF15C600E948E2 /* Models */ = {
			isa = PBXGroup;
			children = (
				AA4B170B28E199D400E948E2 /* Title.swift */,
			);
			path = Models;
			sourceTree = "<group>";
		};
		AA4B170328DF15E500E948E2 /* Resources */ = {
			isa = PBXGroup;
			children = (
				AA4B170D28E19CB600E948E2 /* Extensions.swift */,
			);
			path = Resources;
			sourceTree = "<group>";
		};
		AA4B170428DF15ED00E948E2 /* Managers */ = {
			isa = PBXGroup;
			children = (
				AA4B170928E0956400E948E2 /* APICaller.swift */,
			);
			path = Managers;
			sourceTree = "<group>";
		};
		AA6313D528EB20280078AB35 /* Core */ = {
			isa = PBXGroup;
			children = (
				AA8A7C3228DDC051002100E4 /* HomeViewController.swift */,
				AA8A7C3428DDC076002100E4 /* UpcomingViewController.swift */,
				AA8A7C3628DDC08C002100E4 /* SearchViewController.swift */,
				AA8A7C3828DDC0A8002100E4 /* DownloadsViewController.swift */,
			);
			path = Core;
			sourceTree = "<group>";
		};
		AA6313D628EB20410078AB35 /* General */ = {
			isa = PBXGroup;
			children = (
				AA6313D328EB20030078AB35 /* SearchResultViewController.swift */,
			);
			path = General;
			sourceTree = "<group>";
		};
		AA8A7C1128DDBBF0002100E4 = {
			isa = PBXGroup;
			children = (
				AA8A7C1C28DDBBF0002100E4 /* NetflixClone */,
				AA8A7C1B28DDBBF0002100E4 /* Products */,
			);
			sourceTree = "<group>";
		};
		AA8A7C1B28DDBBF0002100E4 /* Products */ = {
			isa = PBXGroup;
			children = (
				AA8A7C1A28DDBBF0002100E4 /* NetflixClone.app */,
			);
			name = Products;
			sourceTree = "<group>";
		};
		AA8A7C1C28DDBBF0002100E4 /* NetflixClone */ = {
			isa = PBXGroup;
			children = (
				AA4B170428DF15ED00E948E2 /* Managers */,
				AA4B170328DF15E500E948E2 /* Resources */,
				AA4B170228DF15C600E948E2 /* Models */,
				AA4B170128DF15BE00E948E2 /* Views */,
				AA4B170028DF15B400E948E2 /* ViewModels */,
				AA8A7C3128DDC036002100E4 /* Controllers */,
				AA8A7C1D28DDBBF0002100E4 /* AppDelegate.swift */,
				AA8A7C1F28DDBBF1002100E4 /* SceneDelegate.swift */,
				AA8A7C2128DDBBF1002100E4 /* MainTabBarViewController.swift */,
				AA8A7C2628DDBBF3002100E4 /* Assets.xcassets */,
				AA8A7C2828DDBBF3002100E4 /* LaunchScreen.storyboard */,
				AA8A7C2B28DDBBF3002100E4 /* Info.plist */,
			);
			path = NetflixClone;
			sourceTree = "<group>";
		};
		AA8A7C3128DDC036002100E4 /* Controllers */ = {
			isa = PBXGroup;
			children = (
				AA6313D628EB20410078AB35 /* General */,
				AA6313D528EB20280078AB35 /* Core */,
			);
			path = Controllers;
			sourceTree = "<group>";
		};
/* End PBXGroup section */

/* Begin PBXNativeTarget section */
		AA8A7C1928DDBBF0002100E4 /* NetflixClone */ = {
			isa = PBXNativeTarget;
			buildConfigurationList = AA8A7C2E28DDBBF3002100E4 /* Build configuration list for PBXNativeTarget "NetflixClone" */;
			buildPhases = (
				AA8A7C1628DDBBF0002100E4 /* Sources */,
				AA8A7C1728DDBBF0002100E4 /* Frameworks */,
				AA8A7C1828DDBBF0002100E4 /* Resources */,
			);
			buildRules = (
			);
			dependencies = (
			);
			name = NetflixClone;
			packageProductDependencies = (
				AA53DAE628E9986A003F716E /* SDWebImage */,
				AA53DAE828E9986A003F716E /* SDWebImageMapKit */,
			);
			productName = NetflixClone;
			productReference = AA8A7C1A28DDBBF0002100E4 /* NetflixClone.app */;
			productType = "com.apple.product-type.application";
		};
/* End PBXNativeTarget section */

/* Begin PBXProject section */
		AA8A7C1228DDBBF0002100E4 /* Project object */ = {
			isa = PBXProject;
			attributes = {
				BuildIndependentTargetsInParallel = 1;
				LastSwiftUpdateCheck = 1340;
				LastUpgradeCheck = 1340;
				TargetAttributes = {
					AA8A7C1928DDBBF0002100E4 = {
						CreatedOnToolsVersion = 13.4.1;
					};
				};
			};
			buildConfigurationList = AA8A7C1528DDBBF0002100E4 /* Build configuration list for PBXProject "NetflixClone" */;
			compatibilityVersion = "Xcode 13.0";
			developmentRegion = en;
			hasScannedForEncodings = 0;
			knownRegions = (
				en,
				Base,
			);
			mainGroup = AA8A7C1128DDBBF0002100E4;
			packageReferences = (
				AA53DAE528E9986A003F716E /* XCRemoteSwiftPackageReference "SDWebImage" */,
			);
			productRefGroup = AA8A7C1B28DDBBF0002100E4 /* Products */;
			projectDirPath = "";
			projectRoot = "";
			targets = (
				AA8A7C1928DDBBF0002100E4 /* NetflixClone */,
			);
		};
/* End PBXProject section */

/* Begin PBXResourcesBuildPhase section */
		AA8A7C1828DDBBF0002100E4 /* Resources */ = {
			isa = PBXResourcesBuildPhase;
			buildActionMask = 2147483647;
			files = (
				AA8A7C2A28DDBBF3002100E4 /* LaunchScreen.storyboard in Resources */,
				AA8A7C2728DDBBF3002100E4 /* Assets.xcassets in Resources */,
			);
			runOnlyForDeploymentPostprocessing = 0;
		};
/* End PBXResourcesBuildPhase section */

/* Begin PBXSourcesBuildPhase section */
		AA8A7C1628DDBBF0002100E4 /* Sources */ = {
			isa = PBXSourcesBuildPhase;
			buildActionMask = 2147483647;
			files = (
				AA6313D028E9E27E0078AB35 /* TitleTableViewCell.swift in Sources */,
				AA8A7C3728DDC08C002100E4 /* SearchViewController.swift in Sources */,
				AA53DAE428E86B2D003F716E /* TitleCollectionViewCell.swift in Sources */,
				AA8A7C2228DDBBF1002100E4 /* MainTabBarViewController.swift in Sources */,
				AA4B170628DF162300E948E2 /* CollectionViewTableViewCell.swift in Sources */,
				AA4B170A28E0956400E948E2 /* APICaller.swift in Sources */,
				AA4B170828DF540B00E948E2 /* HeroHeaderUIView.swift in Sources */,
				AA8A7C3928DDC0A8002100E4 /* DownloadsViewController.swift in Sources */,
				AA8A7C1E28DDBBF0002100E4 /* AppDelegate.swift in Sources */,
				AA4B170E28E19CB600E948E2 /* Extensions.swift in Sources */,
				AA8A7C2028DDBBF1002100E4 /* SceneDelegate.swift in Sources */,
				AA8A7C3528DDC076002100E4 /* UpcomingViewController.swift in Sources */,
				AA4B170C28E199D400E948E2 /* Title.swift in Sources */,
				AA8A7C3328DDC051002100E4 /* HomeViewController.swift in Sources */,
				AA6313D428EB20030078AB35 /* SearchResultViewController.swift in Sources */,
				AA6313D228EAE2FB0078AB35 /* TitleViewModel.swift in Sources */,
			);
			runOnlyForDeploymentPostprocessing = 0;
		};
/* End PBXSourcesBuildPhase section */

/* Begin PBXVariantGroup section */
		AA8A7C2828DDBBF3002100E4 /* LaunchScreen.storyboard */ = {
			isa = PBXVariantGroup;
			children = (
				AA8A7C2928DDBBF3002100E4 /* Base */,
			);
			name = LaunchScreen.storyboard;
			sourceTree = "<group>";
		};
/* End PBXVariantGroup section */

/* Begin XCBuildConfiguration section */
		AA8A7C2C28DDBBF3002100E4 /* Debug */ = {
			isa = XCBuildConfiguration;
			buildSettings = {
				ALWAYS_SEARCH_USER_PATHS = NO;
				CLANG_ANALYZER_NONNULL = YES;
				CLANG_ANALYZER_NUMBER_OBJECT_CONVERSION = YES_AGGRESSIVE;
				CLANG_CXX_LANGUAGE_STANDARD = "gnu++17";
				CLANG_ENABLE_MODULES = YES;
				CLANG_ENABLE_OBJC_ARC = YES;
				CLANG_ENABLE_OBJC_WEAK = YES;
				CLANG_WARN_BLOCK_CAPTURE_AUTORELEASING = YES;
				CLANG_WARN_BOOL_CONVERSION = YES;
				CLANG_WARN_COMMA = YES;
				CLANG_WARN_CONSTANT_CONVERSION = YES;
				CLANG_WARN_DEPRECATED_OBJC_IMPLEMENTATIONS = YES;
				CLANG_WARN_DIRECT_OBJC_ISA_USAGE = YES_ERROR;
				CLANG_WARN_DOCUMENTATION_COMMENTS = YES;
				CLANG_WARN_EMPTY_BODY = YES;
				CLANG_WARN_ENUM_CONVERSION = YES;
				CLANG_WARN_INFINITE_RECURSION = YES;
				CLANG_WARN_INT_CONVERSION = YES;
				CLANG_WARN_NON_LITERAL_NULL_CONVERSION = YES;
				CLANG_WARN_OBJC_IMPLICIT_RETAIN_SELF = YES;
				CLANG_WARN_OBJC_LITERAL_CONVERSION = YES;
				CLANG_WARN_OBJC_ROOT_CLASS = YES_ERROR;
				CLANG_WARN_QUOTED_INCLUDE_IN_FRAMEWORK_HEADER = YES;
				CLANG_WARN_RANGE_LOOP_ANALYSIS = YES;
				CLANG_WARN_STRICT_PROTOTYPES = YES;
				CLANG_WARN_SUSPICIOUS_MOVE = YES;
				CLANG_WARN_UNGUARDED_AVAILABILITY = YES_AGGRESSIVE;
				CLANG_WARN_UNREACHABLE_CODE = YES;
				CLANG_WARN__DUPLICATE_METHOD_MATCH = YES;
				COPY_PHASE_STRIP = NO;
				DEBUG_INFORMATION_FORMAT = dwarf;
				ENABLE_STRICT_OBJC_MSGSEND = YES;
				ENABLE_TESTABILITY = YES;
				GCC_C_LANGUAGE_STANDARD = gnu11;
				GCC_DYNAMIC_NO_PIC = NO;
				GCC_NO_COMMON_BLOCKS = YES;
				GCC_OPTIMIZATION_LEVEL = 0;
				GCC_PREPROCESSOR_DEFINITIONS = (
					"DEBUG=1",
					"$(inherited)",
				);
				GCC_WARN_64_TO_32_BIT_CONVERSION = YES;
				GCC_WARN_ABOUT_RETURN_TYPE = YES_ERROR;
				GCC_WARN_UNDECLARED_SELECTOR = YES;
				GCC_WARN_UNINITIALIZED_AUTOS = YES_AGGRESSIVE;
				GCC_WARN_UNUSED_FUNCTION = YES;
				GCC_WARN_UNUSED_VARIABLE = YES;
				IPHONEOS_DEPLOYMENT_TARGET = 15.5;
				MTL_ENABLE_DEBUG_INFO = INCLUDE_SOURCE;
				MTL_FAST_MATH = YES;
				ONLY_ACTIVE_ARCH = YES;
				SDKROOT = iphoneos;
				SWIFT_ACTIVE_COMPILATION_CONDITIONS = DEBUG;
				SWIFT_OPTIMIZATION_LEVEL = "-Onone";
			};
			name = Debug;
		};
		AA8A7C2D28DDBBF3002100E4 /* Release */ = {
			isa = XCBuildConfiguration;
			buildSettings = {
				ALWAYS_SEARCH_USER_PATHS = NO;
				CLANG_ANALYZER_NONNULL = YES;
				CLANG_ANALYZER_NUMBER_OBJECT_CONVERSION = YES_AGGRESSIVE;
				CLANG_CXX_LANGUAGE_STANDARD = "gnu++17";
				CLANG_ENABLE_MODULES = YES;
				CLANG_ENABLE_OBJC_ARC = YES;
				CLANG_ENABLE_OBJC_WEAK = YES;
				CLANG_WARN_BLOCK_CAPTURE_AUTORELEASING = YES;
				CLANG_WARN_BOOL_CONVERSION = YES;
				CLANG_WARN_COMMA = YES;
				CLANG_WARN_CONSTANT_CONVERSION = YES;
				CLANG_WARN_DEPRECATED_OBJC_IMPLEMENTATIONS = YES;
				CLANG_WARN_DIRECT_OBJC_ISA_USAGE = YES_ERROR;
				CLANG_WARN_DOCUMENTATION_COMMENTS = YES;
				CLANG_WARN_EMPTY_BODY = YES;
				CLANG_WARN_ENUM_CONVERSION = YES;
				CLANG_WARN_INFINITE_RECURSION = YES;
				CLANG_WARN_INT_CONVERSION = YES;
				CLANG_WARN_NON_LITERAL_NULL_CONVERSION = YES;
				CLANG_WARN_OBJC_IMPLICIT_RETAIN_SELF = YES;
				CLANG_WARN_OBJC_LITERAL_CONVERSION = YES;
				CLANG_WARN_OBJC_ROOT_CLASS = YES_ERROR;
				CLANG_WARN_QUOTED_INCLUDE_IN_FRAMEWORK_HEADER = YES;
				CLANG_WARN_RANGE_LOOP_ANALYSIS = YES;
				CLANG_WARN_STRICT_PROTOTYPES = YES;
				CLANG_WARN_SUSPICIOUS_MOVE = YES;
				CLANG_WARN_UNGUARDED_AVAILABILITY = YES_AGGRESSIVE;
				CLANG_WARN_UNREACHABLE_CODE = YES;
				CLANG_WARN__DUPLICATE_METHOD_MATCH = YES;
				COPY_PHASE_STRIP = NO;
				DEBUG_INFORMATION_FORMAT = "dwarf-with-dsym";
				ENABLE_NS_ASSERTIONS = NO;
				ENABLE_STRICT_OBJC_MSGSEND = YES;
				GCC_C_LANGUAGE_STANDARD = gnu11;
				GCC_NO_COMMON_BLOCKS = YES;
				GCC_WARN_64_TO_32_BIT_CONVERSION = YES;
				GCC_WARN_ABOUT_RETURN_TYPE = YES_ERROR;
				GCC_WARN_UNDECLARED_SELECTOR = YES;
				GCC_WARN_UNINITIALIZED_AUTOS = YES_AGGRESSIVE;
				GCC_WARN_UNUSED_FUNCTION = YES;
				GCC_WARN_UNUSED_VARIABLE = YES;
				IPHONEOS_DEPLOYMENT_TARGET = 15.5;
				MTL_ENABLE_DEBUG_INFO = NO;
				MTL_FAST_MATH = YES;
				SDKROOT = iphoneos;
				SWIFT_COMPILATION_MODE = wholemodule;
				SWIFT_OPTIMIZATION_LEVEL = "-O";
				VALIDATE_PRODUCT = YES;
			};
			name = Release;
		};
		AA8A7C2F28DDBBF3002100E4 /* Debug */ = {
			isa = XCBuildConfiguration;
			buildSettings = {
				ASSETCATALOG_COMPILER_APPICON_NAME = AppIcon;
				ASSETCATALOG_COMPILER_GLOBAL_ACCENT_COLOR_NAME = AccentColor;
				CODE_SIGN_STYLE = Automatic;
				CURRENT_PROJECT_VERSION = 1;
				DEVELOPMENT_TEAM = T2L7FBP3NZ;
				GENERATE_INFOPLIST_FILE = YES;
				INFOPLIST_FILE = NetflixClone/Info.plist;
				INFOPLIST_KEY_UIApplicationSupportsIndirectInputEvents = YES;
				INFOPLIST_KEY_UILaunchStoryboardName = LaunchScreen;
				INFOPLIST_KEY_UIMainStoryboardFile = "";
				INFOPLIST_KEY_UISupportedInterfaceOrientations_iPad = "UIInterfaceOrientationPortrait UIInterfaceOrientationPortraitUpsideDown UIInterfaceOrientationLandscapeLeft UIInterfaceOrientationLandscapeRight";
				INFOPLIST_KEY_UISupportedInterfaceOrientations_iPhone = "UIInterfaceOrientationPortrait UIInterfaceOrientationLandscapeLeft UIInterfaceOrientationLandscapeRight";
				LD_RUNPATH_SEARCH_PATHS = (
					"$(inherited)",
					"@executable_path/Frameworks",
				);
				MARKETING_VERSION = 1.0;
				PRODUCT_BUNDLE_IDENTIFIER = com.tayfun.NetflixClone;
				PRODUCT_NAME = "$(TARGET_NAME)";
				SWIFT_EMIT_LOC_STRINGS = YES;
				SWIFT_VERSION = 5.0;
				TARGETED_DEVICE_FAMILY = "1,2";
			};
			name = Debug;
		};
		AA8A7C3028DDBBF3002100E4 /* Release */ = {
			isa = XCBuildConfiguration;
			buildSettings = {
				ASSETCATALOG_COMPILER_APPICON_NAME = AppIcon;
				ASSETCATALOG_COMPILER_GLOBAL_ACCENT_COLOR_NAME = AccentColor;
				CODE_SIGN_STYLE = Automatic;
				CURRENT_PROJECT_VERSION = 1;
				DEVELOPMENT_TEAM = T2L7FBP3NZ;
				GENERATE_INFOPLIST_FILE = YES;
				INFOPLIST_FILE = NetflixClone/Info.plist;
				INFOPLIST_KEY_UIApplicationSupportsIndirectInputEvents = YES;
				INFOPLIST_KEY_UILaunchStoryboardName = LaunchScreen;
				INFOPLIST_KEY_UIMainStoryboardFile = "";
				INFOPLIST_KEY_UISupportedInterfaceOrientations_iPad = "UIInterfaceOrientationPortrait UIInterfaceOrientationPortraitUpsideDown UIInterfaceOrientationLandscapeLeft UIInterfaceOrientationLandscapeRight";
				INFOPLIST_KEY_UISupportedInterfaceOrientations_iPhone = "UIInterfaceOrientationPortrait UIInterfaceOrientationLandscapeLeft UIInterfaceOrientationLandscapeRight";
				LD_RUNPATH_SEARCH_PATHS = (
					"$(inherited)",
					"@executable_path/Frameworks",
				);
				MARKETING_VERSION = 1.0;
				PRODUCT_BUNDLE_IDENTIFIER = com.tayfun.NetflixClone;
				PRODUCT_NAME = "$(TARGET_NAME)";
				SWIFT_EMIT_LOC_STRINGS = YES;
				SWIFT_VERSION = 5.0;
				TARGETED_DEVICE_FAMILY = "1,2";
			};
			name = Release;
		};
/* End XCBuildConfiguration section */

/* Begin XCConfigurationList section */
		AA8A7C1528DDBBF0002100E4 /* Build configuration list for PBXProject "NetflixClone" */ = {
			isa = XCConfigurationList;
			buildConfigurations = (
				AA8A7C2C28DDBBF3002100E4 /* Debug */,
				AA8A7C2D28DDBBF3002100E4 /* Release */,
			);
			defaultConfigurationIsVisible = 0;
			defaultConfigurationName = Release;
		};
		AA8A7C2E28DDBBF3002100E4 /* Build configuration list for PBXNativeTarget "NetflixClone" */ = {
			isa = XCConfigurationList;
			buildConfigurations = (
				AA8A7C2F28DDBBF3002100E4 /* Debug */,
				AA8A7C3028DDBBF3002100E4 /* Release */,
			);
			defaultConfigurationIsVisible = 0;
			defaultConfigurationName = Release;
		};
/* End XCConfigurationList section */

/* Begin XCRemoteSwiftPackageReference section */
		AA53DAE528E9986A003F716E /* XCRemoteSwiftPackageReference "SDWebImage" */ = {
			isa = XCRemoteSwiftPackageReference;
			repositoryURL = "https://github.com/SDWebImage/SDWebImage.git";
			requirement = {
				branch = master;
				kind = branch;
			};
		};
/* End XCRemoteSwiftPackageReference section */

/* Begin XCSwiftPackageProductDependency section */
		AA53DAE628E9986A003F716E /* SDWebImage */ = {
			isa = XCSwiftPackageProductDependency;
			package = AA53DAE528E9986A003F716E /* XCRemoteSwiftPackageReference "SDWebImage" */;
			productName = SDWebImage;
		};
		AA53DAE828E9986A003F716E /* SDWebImageMapKit */ = {
			isa = XCSwiftPackageProductDependency;
			package = AA53DAE528E9986A003F716E /* XCRemoteSwiftPackageReference "SDWebImage" */;
			productName = SDWebImageMapKit;
		};
/* End XCSwiftPackageProductDependency section */
	};
	rootObject = AA8A7C1228DDBBF0002100E4 /* Project object */;
}
